// !$*UTF8*$!
{
	archiveVersion = 1;
	classes = {
	};
	objectVersion = 48;
	objects = {

/* Begin PBXBuildFile section */
		465C562E20467AA900955D9A /* MessageTableViewCell.swift in Sources */ = {isa = PBXBuildFile; fileRef = 465C562D20467AA900955D9A /* MessageTableViewCell.swift */; };
		466B30F02044FB1D0055FFFE /* Placeholder.swift in Sources */ = {isa = PBXBuildFile; fileRef = 466B30EF2044FB1D0055FFFE /* Placeholder.swift */; };
		4677BDBE2046850200BB2489 /* Message.swift in Sources */ = {isa = PBXBuildFile; fileRef = 4677BDBD2046850200BB2489 /* Message.swift */; };
		4677BDC020468CCC00BB2489 /* MessageListCoordinator.swift in Sources */ = {isa = PBXBuildFile; fileRef = 4677BDBF20468CCC00BB2489 /* MessageListCoordinator.swift */; };
		4692EB0C20411FA300967B57 /* Category.swift in Sources */ = {isa = PBXBuildFile; fileRef = 4692EB0B20411FA300967B57 /* Category.swift */; };
		4692EB0E204130A800967B57 /* Enum+Enumerate.swift in Sources */ = {isa = PBXBuildFile; fileRef = 4692EB0D204130A800967B57 /* Enum+Enumerate.swift */; };
		4692EB112041326200967B57 /* CategoryCollectionViewCell.swift in Sources */ = {isa = PBXBuildFile; fileRef = 4692EB102041326200967B57 /* CategoryCollectionViewCell.swift */; };
		4692EB1320413DD300967B57 /* UICollectionViewCell+Reuse.swift in Sources */ = {isa = PBXBuildFile; fileRef = 4692EB1220413DD300967B57 /* UICollectionViewCell+Reuse.swift */; };
		4692EB15204146ED00967B57 /* CategorySectionReusableView.swift in Sources */ = {isa = PBXBuildFile; fileRef = 4692EB14204146ED00967B57 /* CategorySectionReusableView.swift */; };
		4692EB1720414CAF00967B57 /* CategoryTableViewCell.swift in Sources */ = {isa = PBXBuildFile; fileRef = 4692EB1620414CAF00967B57 /* CategoryTableViewCell.swift */; };
		4692EB1B2042903400967B57 /* PostListViewController.swift in Sources */ = {isa = PBXBuildFile; fileRef = 4692EB1A2042903400967B57 /* PostListViewController.swift */; };
		4692EB1D2042908800967B57 /* PostTableViewCell.swift in Sources */ = {isa = PBXBuildFile; fileRef = 4692EB1C2042908800967B57 /* PostTableViewCell.swift */; };
		4692EB1F204294E400967B57 /* Post.swift in Sources */ = {isa = PBXBuildFile; fileRef = 4692EB1E204294E400967B57 /* Post.swift */; };
		46A6B12820453DAA005E2214 /* PostDetailViewController.swift in Sources */ = {isa = PBXBuildFile; fileRef = 46A6B12720453DAA005E2214 /* PostDetailViewController.swift */; };
		46C37EF8203F76A3008B6CBA /* AppDelegate.swift in Sources */ = {isa = PBXBuildFile; fileRef = 46C37EF7203F76A3008B6CBA /* AppDelegate.swift */; };
		46C37EFF203F76A3008B6CBA /* Assets.xcassets in Resources */ = {isa = PBXBuildFile; fileRef = 46C37EFE203F76A3008B6CBA /* Assets.xcassets */; };
		46C37F02203F76A3008B6CBA /* LaunchScreen.storyboard in Resources */ = {isa = PBXBuildFile; fileRef = 46C37F00203F76A3008B6CBA /* LaunchScreen.storyboard */; };
		46C37F0E203FF23F008B6CBA /* Coordinator.swift in Sources */ = {isa = PBXBuildFile; fileRef = 46C37F0D203FF23E008B6CBA /* Coordinator.swift */; };
		46C37F10203FF278008B6CBA /* AppCoordinator.swift in Sources */ = {isa = PBXBuildFile; fileRef = 46C37F0F203FF278008B6CBA /* AppCoordinator.swift */; };
		46C37F12203FF402008B6CBA /* HomeViewController.swift in Sources */ = {isa = PBXBuildFile; fileRef = 46C37F11203FF402008B6CBA /* HomeViewController.swift */; };
		46C37F14203FF514008B6CBA /* BaseView.swift in Sources */ = {isa = PBXBuildFile; fileRef = 46C37F13203FF514008B6CBA /* BaseView.swift */; };
		46C37F16203FF54F008B6CBA /* BaseViewController.swift in Sources */ = {isa = PBXBuildFile; fileRef = 46C37F15203FF54F008B6CBA /* BaseViewController.swift */; };
		46C37F18203FF605008B6CBA /* HomeView.swift in Sources */ = {isa = PBXBuildFile; fileRef = 46C37F17203FF605008B6CBA /* HomeView.swift */; };
		46C37F1A203FF6C5008B6CBA /* CustomTabBarViewController.swift in Sources */ = {isa = PBXBuildFile; fileRef = 46C37F19203FF6C5008B6CBA /* CustomTabBarViewController.swift */; };
		46C37F1C203FF788008B6CBA /* CustomTabBarView.swift in Sources */ = {isa = PBXBuildFile; fileRef = 46C37F1B203FF788008B6CBA /* CustomTabBarView.swift */; };
		46C37F1F203FFBD9008B6CBA /* UIColors+Custom.swift in Sources */ = {isa = PBXBuildFile; fileRef = 46C37F1E203FFBD9008B6CBA /* UIColors+Custom.swift */; };
		46C37F232040D7E3008B6CBA /* UIViewController+Child.swift in Sources */ = {isa = PBXBuildFile; fileRef = 46C37F222040D7E3008B6CBA /* UIViewController+Child.swift */; };
		46C37F272040E28F008B6CBA /* MessageListViewController.swift in Sources */ = {isa = PBXBuildFile; fileRef = 46C37F262040E28F008B6CBA /* MessageListViewController.swift */; };
		46C37F292040E297008B6CBA /* ProfileViewController.swift in Sources */ = {isa = PBXBuildFile; fileRef = 46C37F282040E297008B6CBA /* ProfileViewController.swift */; };
		46C37F2D2040E494008B6CBA /* ProfileView.swift in Sources */ = {isa = PBXBuildFile; fileRef = 46C37F2C2040E494008B6CBA /* ProfileView.swift */; };
		46C37F2F2040FB27008B6CBA /* HomeListCoordinator.swift in Sources */ = {isa = PBXBuildFile; fileRef = 46C37F2E2040FB27008B6CBA /* HomeListCoordinator.swift */; };
		46CC6E172047BBB0003A86E2 /* ProfileCoordinator.swift in Sources */ = {isa = PBXBuildFile; fileRef = 46CC6E162047BBB0003A86E2 /* ProfileCoordinator.swift */; };
		46CC6E192047C35B003A86E2 /* SettingsViewController.swift in Sources */ = {isa = PBXBuildFile; fileRef = 46CC6E182047C35B003A86E2 /* SettingsViewController.swift */; };
		46CC6E1B2047C58F003A86E2 /* SettingTableViewCell.swift in Sources */ = {isa = PBXBuildFile; fileRef = 46CC6E1A2047C58F003A86E2 /* SettingTableViewCell.swift */; };
		46CC6E1D2047C93A003A86E2 /* Setting.swift in Sources */ = {isa = PBXBuildFile; fileRef = 46CC6E1C2047C93A003A86E2 /* Setting.swift */; };
		6B736DCB875C2CD963C825A4 /* Pods_Craigslist_Redesign.framework in Frameworks */ = {isa = PBXBuildFile; fileRef = 89E5B743CE4D68B4CA091849 /* Pods_Craigslist_Redesign.framework */; };
/* End PBXBuildFile section */

/* Begin PBXFileReference section */
		3F15E6A1FC39D1EA895D29CF /* Pods-Craigslist Redesign.release.xcconfig */ = {isa = PBXFileReference; includeInIndex = 1; lastKnownFileType = text.xcconfig; name = "Pods-Craigslist Redesign.release.xcconfig"; path = "Pods/Target Support Files/Pods-Craigslist Redesign/Pods-Craigslist Redesign.release.xcconfig"; sourceTree = "<group>"; };
		465C562D20467AA900955D9A /* MessageTableViewCell.swift */ = {isa = PBXFileReference; lastKnownFileType = sourcecode.swift; path = MessageTableViewCell.swift; sourceTree = "<group>"; };
		466B30EF2044FB1D0055FFFE /* Placeholder.swift */ = {isa = PBXFileReference; lastKnownFileType = sourcecode.swift; path = Placeholder.swift; sourceTree = "<group>"; };
		4677BDBD2046850200BB2489 /* Message.swift */ = {isa = PBXFileReference; lastKnownFileType = sourcecode.swift; path = Message.swift; sourceTree = "<group>"; };
		4677BDBF20468CCC00BB2489 /* MessageListCoordinator.swift */ = {isa = PBXFileReference; lastKnownFileType = sourcecode.swift; path = MessageListCoordinator.swift; sourceTree = "<group>"; };
		4692EB0B20411FA300967B57 /* Category.swift */ = {isa = PBXFileReference; lastKnownFileType = sourcecode.swift; path = Category.swift; sourceTree = "<group>"; };
		4692EB0D204130A800967B57 /* Enum+Enumerate.swift */ = {isa = PBXFileReference; lastKnownFileType = sourcecode.swift; path = "Enum+Enumerate.swift"; sourceTree = "<group>"; };
		4692EB102041326200967B57 /* CategoryCollectionViewCell.swift */ = {isa = PBXFileReference; lastKnownFileType = sourcecode.swift; path = CategoryCollectionViewCell.swift; sourceTree = "<group>"; };
		4692EB1220413DD300967B57 /* UICollectionViewCell+Reuse.swift */ = {isa = PBXFileReference; lastKnownFileType = sourcecode.swift; path = "UICollectionViewCell+Reuse.swift"; sourceTree = "<group>"; };
		4692EB14204146ED00967B57 /* CategorySectionReusableView.swift */ = {isa = PBXFileReference; lastKnownFileType = sourcecode.swift; path = CategorySectionReusableView.swift; sourceTree = "<group>"; };
		4692EB1620414CAF00967B57 /* CategoryTableViewCell.swift */ = {isa = PBXFileReference; lastKnownFileType = sourcecode.swift; path = CategoryTableViewCell.swift; sourceTree = "<group>"; };
		4692EB1A2042903400967B57 /* PostListViewController.swift */ = {isa = PBXFileReference; lastKnownFileType = sourcecode.swift; path = PostListViewController.swift; sourceTree = "<group>"; };
		4692EB1C2042908800967B57 /* PostTableViewCell.swift */ = {isa = PBXFileReference; lastKnownFileType = sourcecode.swift; path = PostTableViewCell.swift; sourceTree = "<group>"; };
		4692EB1E204294E400967B57 /* Post.swift */ = {isa = PBXFileReference; lastKnownFileType = sourcecode.swift; path = Post.swift; sourceTree = "<group>"; };
		46A6B12720453DAA005E2214 /* PostDetailViewController.swift */ = {isa = PBXFileReference; lastKnownFileType = sourcecode.swift; path = PostDetailViewController.swift; sourceTree = "<group>"; };
		46C37EF4203F76A3008B6CBA /* Craigslist Redesign.app */ = {isa = PBXFileReference; explicitFileType = wrapper.application; includeInIndex = 0; path = "Craigslist Redesign.app"; sourceTree = BUILT_PRODUCTS_DIR; };
		46C37EF7203F76A3008B6CBA /* AppDelegate.swift */ = {isa = PBXFileReference; lastKnownFileType = sourcecode.swift; path = AppDelegate.swift; sourceTree = "<group>"; };
		46C37EFE203F76A3008B6CBA /* Assets.xcassets */ = {isa = PBXFileReference; lastKnownFileType = folder.assetcatalog; path = Assets.xcassets; sourceTree = "<group>"; };
		46C37F01203F76A3008B6CBA /* Base */ = {isa = PBXFileReference; lastKnownFileType = file.storyboard; name = Base; path = Base.lproj/LaunchScreen.storyboard; sourceTree = "<group>"; };
		46C37F03203F76A3008B6CBA /* Info.plist */ = {isa = PBXFileReference; lastKnownFileType = text.plist.xml; path = Info.plist; sourceTree = "<group>"; };
		46C37F0D203FF23E008B6CBA /* Coordinator.swift */ = {isa = PBXFileReference; lastKnownFileType = sourcecode.swift; path = Coordinator.swift; sourceTree = "<group>"; };
		46C37F0F203FF278008B6CBA /* AppCoordinator.swift */ = {isa = PBXFileReference; lastKnownFileType = sourcecode.swift; path = AppCoordinator.swift; sourceTree = "<group>"; };
		46C37F11203FF402008B6CBA /* HomeViewController.swift */ = {isa = PBXFileReference; lastKnownFileType = sourcecode.swift; path = HomeViewController.swift; sourceTree = "<group>"; };
		46C37F13203FF514008B6CBA /* BaseView.swift */ = {isa = PBXFileReference; lastKnownFileType = sourcecode.swift; path = BaseView.swift; sourceTree = "<group>"; };
		46C37F15203FF54F008B6CBA /* BaseViewController.swift */ = {isa = PBXFileReference; lastKnownFileType = sourcecode.swift; path = BaseViewController.swift; sourceTree = "<group>"; };
		46C37F17203FF605008B6CBA /* HomeView.swift */ = {isa = PBXFileReference; lastKnownFileType = sourcecode.swift; path = HomeView.swift; sourceTree = "<group>"; };
		46C37F19203FF6C5008B6CBA /* CustomTabBarViewController.swift */ = {isa = PBXFileReference; lastKnownFileType = sourcecode.swift; path = CustomTabBarViewController.swift; sourceTree = "<group>"; };
		46C37F1B203FF788008B6CBA /* CustomTabBarView.swift */ = {isa = PBXFileReference; lastKnownFileType = sourcecode.swift; path = CustomTabBarView.swift; sourceTree = "<group>"; };
		46C37F1E203FFBD9008B6CBA /* UIColors+Custom.swift */ = {isa = PBXFileReference; lastKnownFileType = sourcecode.swift; path = "UIColors+Custom.swift"; sourceTree = "<group>"; };
		46C37F222040D7E3008B6CBA /* UIViewController+Child.swift */ = {isa = PBXFileReference; lastKnownFileType = sourcecode.swift; path = "UIViewController+Child.swift"; sourceTree = "<group>"; };
		46C37F262040E28F008B6CBA /* MessageListViewController.swift */ = {isa = PBXFileReference; lastKnownFileType = sourcecode.swift; path = MessageListViewController.swift; sourceTree = "<group>"; };
		46C37F282040E297008B6CBA /* ProfileViewController.swift */ = {isa = PBXFileReference; lastKnownFileType = sourcecode.swift; path = ProfileViewController.swift; sourceTree = "<group>"; };
		46C37F2C2040E494008B6CBA /* ProfileView.swift */ = {isa = PBXFileReference; lastKnownFileType = sourcecode.swift; path = ProfileView.swift; sourceTree = "<group>"; };
		46C37F2E2040FB27008B6CBA /* HomeListCoordinator.swift */ = {isa = PBXFileReference; lastKnownFileType = sourcecode.swift; path = HomeListCoordinator.swift; sourceTree = "<group>"; };
		46CC6E162047BBB0003A86E2 /* ProfileCoordinator.swift */ = {isa = PBXFileReference; lastKnownFileType = sourcecode.swift; path = ProfileCoordinator.swift; sourceTree = "<group>"; };
		46CC6E182047C35B003A86E2 /* SettingsViewController.swift */ = {isa = PBXFileReference; lastKnownFileType = sourcecode.swift; path = SettingsViewController.swift; sourceTree = "<group>"; };
		46CC6E1A2047C58F003A86E2 /* SettingTableViewCell.swift */ = {isa = PBXFileReference; lastKnownFileType = sourcecode.swift; path = SettingTableViewCell.swift; sourceTree = "<group>"; };
		46CC6E1C2047C93A003A86E2 /* Setting.swift */ = {isa = PBXFileReference; lastKnownFileType = sourcecode.swift; path = Setting.swift; sourceTree = "<group>"; };
		89E5B743CE4D68B4CA091849 /* Pods_Craigslist_Redesign.framework */ = {isa = PBXFileReference; explicitFileType = wrapper.framework; includeInIndex = 0; path = Pods_Craigslist_Redesign.framework; sourceTree = BUILT_PRODUCTS_DIR; };
		8F3A96AB0A4C1CCE03F733E7 /* Pods-Craigslist Redesign.debug.xcconfig */ = {isa = PBXFileReference; includeInIndex = 1; lastKnownFileType = text.xcconfig; name = "Pods-Craigslist Redesign.debug.xcconfig"; path = "Pods/Target Support Files/Pods-Craigslist Redesign/Pods-Craigslist Redesign.debug.xcconfig"; sourceTree = "<group>"; };
/* End PBXFileReference section */

/* Begin PBXFrameworksBuildPhase section */
		46C37EF1203F76A3008B6CBA /* Frameworks */ = {
			isa = PBXFrameworksBuildPhase;
			buildActionMask = 2147483647;
			files = (
				6B736DCB875C2CD963C825A4 /* Pods_Craigslist_Redesign.framework in Frameworks */,
			);
			runOnlyForDeploymentPostprocessing = 0;
		};
/* End PBXFrameworksBuildPhase section */

/* Begin PBXGroup section */
		466B30EE2044FB110055FFFE /* Constants */ = {
			isa = PBXGroup;
			children = (
				466B30EF2044FB1D0055FFFE /* Placeholder.swift */,
			);
			path = Constants;
			sourceTree = "<group>";
		};
		4692EB0A20411F9800967B57 /* Models */ = {
			isa = PBXGroup;
			children = (
				4692EB0B20411FA300967B57 /* Category.swift */,
				4692EB1E204294E400967B57 /* Post.swift */,
				4677BDBD2046850200BB2489 /* Message.swift */,
				46CC6E1C2047C93A003A86E2 /* Setting.swift */,
			);
			path = Models;
			sourceTree = "<group>";
		};
		4692EB0F2041324600967B57 /* Cells */ = {
			isa = PBXGroup;
			children = (
				4692EB102041326200967B57 /* CategoryCollectionViewCell.swift */,
				4692EB1620414CAF00967B57 /* CategoryTableViewCell.swift */,
				4692EB1C2042908800967B57 /* PostTableViewCell.swift */,
				465C562D20467AA900955D9A /* MessageTableViewCell.swift */,
				46CC6E1A2047C58F003A86E2 /* SettingTableViewCell.swift */,
			);
			path = Cells;
			sourceTree = "<group>";
		};
		46C37EEB203F76A3008B6CBA = {
			isa = PBXGroup;
			children = (
				46C37EF6203F76A3008B6CBA /* Craigslist Redesign */,
				46C37EF5203F76A3008B6CBA /* Products */,
				917B25FADEFFF3DC0F6580AD /* Pods */,
				DE3D4AE903A11D1BA93FC072 /* Frameworks */,
			);
			sourceTree = "<group>";
		};
		46C37EF5203F76A3008B6CBA /* Products */ = {
			isa = PBXGroup;
			children = (
				46C37EF4203F76A3008B6CBA /* Craigslist Redesign.app */,
			);
			name = Products;
			sourceTree = "<group>";
		};
		46C37EF6203F76A3008B6CBA /* Craigslist Redesign */ = {
			isa = PBXGroup;
			children = (
				466B30EE2044FB110055FFFE /* Constants */,
				4692EB0A20411F9800967B57 /* Models */,
				46C37F1D203FFBCC008B6CBA /* Extensions */,
				46C37F0C203F81D8008B6CBA /* Views */,
				46C37F0B203F81D1008B6CBA /* View Controllers */,
				46C37F0A203F81C9008B6CBA /* Coordinators */,
				46C37EF7203F76A3008B6CBA /* AppDelegate.swift */,
				46C37F09203F78DD008B6CBA /* Resources */,
			);
			path = "Craigslist Redesign";
			sourceTree = "<group>";
		};
		46C37F09203F78DD008B6CBA /* Resources */ = {
			isa = PBXGroup;
			children = (
				46C37EFE203F76A3008B6CBA /* Assets.xcassets */,
				46C37F00203F76A3008B6CBA /* LaunchScreen.storyboard */,
				46C37F03203F76A3008B6CBA /* Info.plist */,
			);
			path = Resources;
			sourceTree = "<group>";
		};
		46C37F0A203F81C9008B6CBA /* Coordinators */ = {
			isa = PBXGroup;
			children = (
				46C37F0D203FF23E008B6CBA /* Coordinator.swift */,
				46C37F0F203FF278008B6CBA /* AppCoordinator.swift */,
				46C37F2E2040FB27008B6CBA /* HomeListCoordinator.swift */,
				4677BDBF20468CCC00BB2489 /* MessageListCoordinator.swift */,
				46CC6E162047BBB0003A86E2 /* ProfileCoordinator.swift */,
			);
			path = Coordinators;
			sourceTree = "<group>";
		};
		46C37F0B203F81D1008B6CBA /* View Controllers */ = {
			isa = PBXGroup;
			children = (
				46C37F11203FF402008B6CBA /* HomeViewController.swift */,
				46C37F15203FF54F008B6CBA /* BaseViewController.swift */,
				46C37F19203FF6C5008B6CBA /* CustomTabBarViewController.swift */,
				46C37F262040E28F008B6CBA /* MessageListViewController.swift */,
				46C37F282040E297008B6CBA /* ProfileViewController.swift */,
				4692EB1A2042903400967B57 /* PostListViewController.swift */,
				46A6B12720453DAA005E2214 /* PostDetailViewController.swift */,
				46CC6E182047C35B003A86E2 /* SettingsViewController.swift */,
			);
			path = "View Controllers";
			sourceTree = "<group>";
		};
		46C37F0C203F81D8008B6CBA /* Views */ = {
			isa = PBXGroup;
			children = (
				4692EB0F2041324600967B57 /* Cells */,
				46C37F13203FF514008B6CBA /* BaseView.swift */,
				46C37F17203FF605008B6CBA /* HomeView.swift */,
				46C37F1B203FF788008B6CBA /* CustomTabBarView.swift */,
				46C37F2C2040E494008B6CBA /* ProfileView.swift */,
				4692EB14204146ED00967B57 /* CategorySectionReusableView.swift */,
			);
			path = Views;
			sourceTree = "<group>";
		};
		46C37F1D203FFBCC008B6CBA /* Extensions */ = {
			isa = PBXGroup;
			children = (
				46C37F1E203FFBD9008B6CBA /* UIColors+Custom.swift */,
				46C37F222040D7E3008B6CBA /* UIViewController+Child.swift */,
				4692EB0D204130A800967B57 /* Enum+Enumerate.swift */,
				4692EB1220413DD300967B57 /* UICollectionViewCell+Reuse.swift */,
			);
			path = Extensions;
			sourceTree = "<group>";
		};
		917B25FADEFFF3DC0F6580AD /* Pods */ = {
			isa = PBXGroup;
			children = (
				8F3A96AB0A4C1CCE03F733E7 /* Pods-Craigslist Redesign.debug.xcconfig */,
				3F15E6A1FC39D1EA895D29CF /* Pods-Craigslist Redesign.release.xcconfig */,
			);
			name = Pods;
			sourceTree = "<group>";
		};
		DE3D4AE903A11D1BA93FC072 /* Frameworks */ = {
			isa = PBXGroup;
			children = (
				89E5B743CE4D68B4CA091849 /* Pods_Craigslist_Redesign.framework */,
			);
			name = Frameworks;
			sourceTree = "<group>";
		};
/* End PBXGroup section */

/* Begin PBXNativeTarget section */
		46C37EF3203F76A3008B6CBA /* Craigslist Redesign */ = {
			isa = PBXNativeTarget;
			buildConfigurationList = 46C37F06203F76A3008B6CBA /* Build configuration list for PBXNativeTarget "Craigslist Redesign" */;
			buildPhases = (
				72E84C0BDE76D436C6183EE7 /* [CP] Check Pods Manifest.lock */,
				46C37EF0203F76A3008B6CBA /* Sources */,
				46C37EF1203F76A3008B6CBA /* Frameworks */,
				46C37EF2203F76A3008B6CBA /* Resources */,
				210552F851178097D6539333 /* [CP] Embed Pods Frameworks */,
				23404CE336904992C2D19415 /* [CP] Copy Pods Resources */,
			);
			buildRules = (
			);
			dependencies = (
			);
			name = "Craigslist Redesign";
			productName = "Craigslist Redesign";
			productReference = 46C37EF4203F76A3008B6CBA /* Craigslist Redesign.app */;
			productType = "com.apple.product-type.application";
		};
/* End PBXNativeTarget section */

/* Begin PBXProject section */
		46C37EEC203F76A3008B6CBA /* Project object */ = {
			isa = PBXProject;
			attributes = {
				LastSwiftUpdateCheck = 0920;
				LastUpgradeCheck = 0920;
				ORGANIZATIONNAME = "Kenny Dang";
				TargetAttributes = {
					46C37EF3203F76A3008B6CBA = {
						CreatedOnToolsVersion = 9.2;
						ProvisioningStyle = Automatic;
					};
				};
			};
			buildConfigurationList = 46C37EEF203F76A3008B6CBA /* Build configuration list for PBXProject "Craigslist Redesign" */;
			compatibilityVersion = "Xcode 8.0";
			developmentRegion = en;
			hasScannedForEncodings = 0;
			knownRegions = (
				en,
				Base,
			);
			mainGroup = 46C37EEB203F76A3008B6CBA;
			productRefGroup = 46C37EF5203F76A3008B6CBA /* Products */;
			projectDirPath = "";
			projectRoot = "";
			targets = (
				46C37EF3203F76A3008B6CBA /* Craigslist Redesign */,
			);
		};
/* End PBXProject section */

/* Begin PBXResourcesBuildPhase section */
		46C37EF2203F76A3008B6CBA /* Resources */ = {
			isa = PBXResourcesBuildPhase;
			buildActionMask = 2147483647;
			files = (
				46C37F02203F76A3008B6CBA /* LaunchScreen.storyboard in Resources */,
				46C37EFF203F76A3008B6CBA /* Assets.xcassets in Resources */,
			);
			runOnlyForDeploymentPostprocessing = 0;
		};
/* End PBXResourcesBuildPhase section */

/* Begin PBXShellScriptBuildPhase section */
		210552F851178097D6539333 /* [CP] Embed Pods Frameworks */ = {
			isa = PBXShellScriptBuildPhase;
			buildActionMask = 2147483647;
			files = (
			);
			inputPaths = (
				"${SRCROOT}/Pods/Target Support Files/Pods-Craigslist Redesign/Pods-Craigslist Redesign-frameworks.sh",
				"${BUILT_PRODUCTS_DIR}/PinLayout/PinLayout.framework",
			);
			name = "[CP] Embed Pods Frameworks";
			outputPaths = (
				"${TARGET_BUILD_DIR}/${FRAMEWORKS_FOLDER_PATH}/PinLayout.framework",
			);
			runOnlyForDeploymentPostprocessing = 0;
			shellPath = /bin/sh;
			shellScript = "\"${SRCROOT}/Pods/Target Support Files/Pods-Craigslist Redesign/Pods-Craigslist Redesign-frameworks.sh\"\n";
			showEnvVarsInLog = 0;
		};
		23404CE336904992C2D19415 /* [CP] Copy Pods Resources */ = {
			isa = PBXShellScriptBuildPhase;
			buildActionMask = 2147483647;
			files = (
			);
			inputPaths = (
			);
			name = "[CP] Copy Pods Resources";
			outputPaths = (
			);
			runOnlyForDeploymentPostprocessing = 0;
			shellPath = /bin/sh;
			shellScript = "\"${SRCROOT}/Pods/Target Support Files/Pods-Craigslist Redesign/Pods-Craigslist Redesign-resources.sh\"\n";
			showEnvVarsInLog = 0;
		};
		72E84C0BDE76D436C6183EE7 /* [CP] Check Pods Manifest.lock */ = {
			isa = PBXShellScriptBuildPhase;
			buildActionMask = 2147483647;
			files = (
			);
			inputPaths = (
				"${PODS_PODFILE_DIR_PATH}/Podfile.lock",
				"${PODS_ROOT}/Manifest.lock",
			);
			name = "[CP] Check Pods Manifest.lock";
			outputPaths = (
				"$(DERIVED_FILE_DIR)/Pods-Craigslist Redesign-checkManifestLockResult.txt",
			);
			runOnlyForDeploymentPostprocessing = 0;
			shellPath = /bin/sh;
			shellScript = "diff \"${PODS_PODFILE_DIR_PATH}/Podfile.lock\" \"${PODS_ROOT}/Manifest.lock\" > /dev/null\nif [ $? != 0 ] ; then\n    # print error to STDERR\n    echo \"error: The sandbox is not in sync with the Podfile.lock. Run 'pod install' or update your CocoaPods installation.\" >&2\n    exit 1\nfi\n# This output is used by Xcode 'outputs' to avoid re-running this script phase.\necho \"SUCCESS\" > \"${SCRIPT_OUTPUT_FILE_0}\"\n";
			showEnvVarsInLog = 0;
		};
/* End PBXShellScriptBuildPhase section */

/* Begin PBXSourcesBuildPhase section */
		46C37EF0203F76A3008B6CBA /* Sources */ = {
			isa = PBXSourcesBuildPhase;
			buildActionMask = 2147483647;
			files = (
				46C37F1F203FFBD9008B6CBA /* UIColors+Custom.swift in Sources */,
				46C37F1C203FF788008B6CBA /* CustomTabBarView.swift in Sources */,
				46C37F10203FF278008B6CBA /* AppCoordinator.swift in Sources */,
				4692EB15204146ED00967B57 /* CategorySectionReusableView.swift in Sources */,
				46C37F18203FF605008B6CBA /* HomeView.swift in Sources */,
				46C37F1A203FF6C5008B6CBA /* CustomTabBarViewController.swift in Sources */,
				46C37F0E203FF23F008B6CBA /* Coordinator.swift in Sources */,
				4677BDC020468CCC00BB2489 /* MessageListCoordinator.swift in Sources */,
				46C37F14203FF514008B6CBA /* BaseView.swift in Sources */,
				4692EB1D2042908800967B57 /* PostTableViewCell.swift in Sources */,
				46C37F2D2040E494008B6CBA /* ProfileView.swift in Sources */,
				46C37EF8203F76A3008B6CBA /* AppDelegate.swift in Sources */,
				465C562E20467AA900955D9A /* MessageTableViewCell.swift in Sources */,
				4692EB112041326200967B57 /* CategoryCollectionViewCell.swift in Sources */,
				4677BDBE2046850200BB2489 /* Message.swift in Sources */,
				46A6B12820453DAA005E2214 /* PostDetailViewController.swift in Sources */,
				46C37F232040D7E3008B6CBA /* UIViewController+Child.swift in Sources */,
				46CC6E1D2047C93A003A86E2 /* Setting.swift in Sources */,
				4692EB0C20411FA300967B57 /* Category.swift in Sources */,
				46C37F12203FF402008B6CBA /* HomeViewController.swift in Sources */,
				4692EB1F204294E400967B57 /* Post.swift in Sources */,
				46CC6E192047C35B003A86E2 /* SettingsViewController.swift in Sources */,
				4692EB1320413DD300967B57 /* UICollectionViewCell+Reuse.swift in Sources */,
				46CC6E1B2047C58F003A86E2 /* SettingTableViewCell.swift in Sources */,
				4692EB0E204130A800967B57 /* Enum+Enumerate.swift in Sources */,
				4692EB1720414CAF00967B57 /* CategoryTableViewCell.swift in Sources */,
				46C37F292040E297008B6CBA /* ProfileViewController.swift in Sources */,
				46C37F2F2040FB27008B6CBA /* HomeListCoordinator.swift in Sources */,
				4692EB1B2042903400967B57 /* PostListViewController.swift in Sources */,
				46C37F272040E28F008B6CBA /* MessageListViewController.swift in Sources */,
				46C37F16203FF54F008B6CBA /* BaseViewController.swift in Sources */,
				46CC6E172047BBB0003A86E2 /* ProfileCoordinator.swift in Sources */,
				466B30F02044FB1D0055FFFE /* Placeholder.swift in Sources */,
			);
			runOnlyForDeploymentPostprocessing = 0;
		};
/* End PBXSourcesBuildPhase section */

/* Begin PBXVariantGroup section */
		46C37F00203F76A3008B6CBA /* LaunchScreen.storyboard */ = {
			isa = PBXVariantGroup;
			children = (
				46C37F01203F76A3008B6CBA /* Base */,
			);
			name = LaunchScreen.storyboard;
			sourceTree = "<group>";
		};
/* End PBXVariantGroup section */

/* Begin XCBuildConfiguration section */
		46C37F04203F76A3008B6CBA /* Debug */ = {
			isa = XCBuildConfiguration;
			buildSettings = {
				ALWAYS_SEARCH_USER_PATHS = NO;
				CLANG_ANALYZER_NONNULL = YES;
				CLANG_ANALYZER_NUMBER_OBJECT_CONVERSION = YES_AGGRESSIVE;
				CLANG_CXX_LANGUAGE_STANDARD = "gnu++14";
				CLANG_CXX_LIBRARY = "libc++";
				CLANG_ENABLE_MODULES = YES;
				CLANG_ENABLE_OBJC_ARC = YES;
				CLANG_WARN_BLOCK_CAPTURE_AUTORELEASING = YES;
				CLANG_WARN_BOOL_CONVERSION = YES;
				CLANG_WARN_COMMA = YES;
				CLANG_WARN_CONSTANT_CONVERSION = YES;
				CLANG_WARN_DIRECT_OBJC_ISA_USAGE = YES_ERROR;
				CLANG_WARN_DOCUMENTATION_COMMENTS = YES;
				CLANG_WARN_EMPTY_BODY = YES;
				CLANG_WARN_ENUM_CONVERSION = YES;
				CLANG_WARN_INFINITE_RECURSION = YES;
				CLANG_WARN_INT_CONVERSION = YES;
				CLANG_WARN_NON_LITERAL_NULL_CONVERSION = YES;
				CLANG_WARN_OBJC_LITERAL_CONVERSION = YES;
				CLANG_WARN_OBJC_ROOT_CLASS = YES_ERROR;
				CLANG_WARN_RANGE_LOOP_ANALYSIS = YES;
				CLANG_WARN_STRICT_PROTOTYPES = YES;
				CLANG_WARN_SUSPICIOUS_MOVE = YES;
				CLANG_WARN_UNGUARDED_AVAILABILITY = YES_AGGRESSIVE;
				CLANG_WARN_UNREACHABLE_CODE = YES;
				CLANG_WARN__DUPLICATE_METHOD_MATCH = YES;
				CODE_SIGN_IDENTITY = "iPhone Developer";
				COPY_PHASE_STRIP = NO;
				DEBUG_INFORMATION_FORMAT = dwarf;
				ENABLE_STRICT_OBJC_MSGSEND = YES;
				ENABLE_TESTABILITY = YES;
				GCC_C_LANGUAGE_STANDARD = gnu11;
				GCC_DYNAMIC_NO_PIC = NO;
				GCC_NO_COMMON_BLOCKS = YES;
				GCC_OPTIMIZATION_LEVEL = 0;
				GCC_PREPROCESSOR_DEFINITIONS = (
					"DEBUG=1",
					"$(inherited)",
				);
				GCC_WARN_64_TO_32_BIT_CONVERSION = YES;
				GCC_WARN_ABOUT_RETURN_TYPE = YES_ERROR;
				GCC_WARN_UNDECLARED_SELECTOR = YES;
				GCC_WARN_UNINITIALIZED_AUTOS = YES_AGGRESSIVE;
				GCC_WARN_UNUSED_FUNCTION = YES;
				GCC_WARN_UNUSED_VARIABLE = YES;
				IPHONEOS_DEPLOYMENT_TARGET = 11.2;
				MTL_ENABLE_DEBUG_INFO = YES;
				ONLY_ACTIVE_ARCH = YES;
				SDKROOT = iphoneos;
				SWIFT_ACTIVE_COMPILATION_CONDITIONS = DEBUG;
				SWIFT_OPTIMIZATION_LEVEL = "-Onone";
			};
			name = Debug;
		};
		46C37F05203F76A3008B6CBA /* Release */ = {
			isa = XCBuildConfiguration;
			buildSettings = {
				ALWAYS_SEARCH_USER_PATHS = NO;
				CLANG_ANALYZER_NONNULL = YES;
				CLANG_ANALYZER_NUMBER_OBJECT_CONVERSION = YES_AGGRESSIVE;
				CLANG_CXX_LANGUAGE_STANDARD = "gnu++14";
				CLANG_CXX_LIBRARY = "libc++";
				CLANG_ENABLE_MODULES = YES;
				CLANG_ENABLE_OBJC_ARC = YES;
				CLANG_WARN_BLOCK_CAPTURE_AUTORELEASING = YES;
				CLANG_WARN_BOOL_CONVERSION = YES;
				CLANG_WARN_COMMA = YES;
				CLANG_WARN_CONSTANT_CONVERSION = YES;
				CLANG_WARN_DIRECT_OBJC_ISA_USAGE = YES_ERROR;
				CLANG_WARN_DOCUMENTATION_COMMENTS = YES;
				CLANG_WARN_EMPTY_BODY = YES;
				CLANG_WARN_ENUM_CONVERSION = YES;
				CLANG_WARN_INFINITE_RECURSION = YES;
				CLANG_WARN_INT_CONVERSION = YES;
				CLANG_WARN_NON_LITERAL_NULL_CONVERSION = YES;
				CLANG_WARN_OBJC_LITERAL_CONVERSION = YES;
				CLANG_WARN_OBJC_ROOT_CLASS = YES_ERROR;
				CLANG_WARN_RANGE_LOOP_ANALYSIS = YES;
				CLANG_WARN_STRICT_PROTOTYPES = YES;
				CLANG_WARN_SUSPICIOUS_MOVE = YES;
				CLANG_WARN_UNGUARDED_AVAILABILITY = YES_AGGRESSIVE;
				CLANG_WARN_UNREACHABLE_CODE = YES;
				CLANG_WARN__DUPLICATE_METHOD_MATCH = YES;
				CODE_SIGN_IDENTITY = "iPhone Developer";
				COPY_PHASE_STRIP = NO;
				DEBUG_INFORMATION_FORMAT = "dwarf-with-dsym";
				ENABLE_NS_ASSERTIONS = NO;
				ENABLE_STRICT_OBJC_MSGSEND = YES;
				GCC_C_LANGUAGE_STANDARD = gnu11;
				GCC_NO_COMMON_BLOCKS = YES;
				GCC_WARN_64_TO_32_BIT_CONVERSION = YES;
				GCC_WARN_ABOUT_RETURN_TYPE = YES_ERROR;
				GCC_WARN_UNDECLARED_SELECTOR = YES;
				GCC_WARN_UNINITIALIZED_AUTOS = YES_AGGRESSIVE;
				GCC_WARN_UNUSED_FUNCTION = YES;
				GCC_WARN_UNUSED_VARIABLE = YES;
				IPHONEOS_DEPLOYMENT_TARGET = 11.2;
				MTL_ENABLE_DEBUG_INFO = NO;
				SDKROOT = iphoneos;
				SWIFT_OPTIMIZATION_LEVEL = "-Owholemodule";
				VALIDATE_PRODUCT = YES;
			};
			name = Release;
		};
		46C37F07203F76A3008B6CBA /* Debug */ = {
			isa = XCBuildConfiguration;
			baseConfigurationReference = 8F3A96AB0A4C1CCE03F733E7 /* Pods-Craigslist Redesign.debug.xcconfig */;
			buildSettings = {
				ASSETCATALOG_COMPILER_APPICON_NAME = AppIcon;
				CODE_SIGN_STYLE = Automatic;
				DEVELOPMENT_TEAM = AM7T72WW66;
				INFOPLIST_FILE = "$(SRCROOT)/Craigslist Redesign/Resources/Info.plist";
				LD_RUNPATH_SEARCH_PATHS = "$(inherited) @executable_path/Frameworks";
				PRODUCT_BUNDLE_IDENTIFIER = "com.frooctus.Craigslist-Redesign";
				PRODUCT_NAME = "$(TARGET_NAME)";
				SWIFT_VERSION = 4.0;
				TARGETED_DEVICE_FAMILY = "1,2";
			};
			name = Debug;
		};
		46C37F08203F76A3008B6CBA /* Release */ = {
			isa = XCBuildConfiguration;
			baseConfigurationReference = 3F15E6A1FC39D1EA895D29CF /* Pods-Craigslist Redesign.release.xcconfig */;
			buildSettings = {
				ASSETCATALOG_COMPILER_APPICON_NAME = AppIcon;
				CODE_SIGN_STYLE = Automatic;
				DEVELOPMENT_TEAM = AM7T72WW66;
				INFOPLIST_FILE = "$(SRCROOT)/Craigslist Redesign/Resources/Info.plist";
				LD_RUNPATH_SEARCH_PATHS = "$(inherited) @executable_path/Frameworks";
				PRODUCT_BUNDLE_IDENTIFIER = "com.frooctus.Craigslist-Redesign";
				PRODUCT_NAME = "$(TARGET_NAME)";
				SWIFT_VERSION = 4.0;
				TARGETED_DEVICE_FAMILY = "1,2";
			};
			name = Release;
		};
/* End XCBuildConfiguration section */

/* Begin XCConfigurationList section */
		46C37EEF203F76A3008B6CBA /* Build configuration list for PBXProject "Craigslist Redesign" */ = {
			isa = XCConfigurationList;
			buildConfigurations = (
				46C37F04203F76A3008B6CBA /* Debug */,
				46C37F05203F76A3008B6CBA /* Release */,
			);
			defaultConfigurationIsVisible = 0;
			defaultConfigurationName = Release;
		};
		46C37F06203F76A3008B6CBA /* Build configuration list for PBXNativeTarget "Craigslist Redesign" */ = {
			isa = XCConfigurationList;
			buildConfigurations = (
				46C37F07203F76A3008B6CBA /* Debug */,
				46C37F08203F76A3008B6CBA /* Release */,
			);
			defaultConfigurationIsVisible = 0;
			defaultConfigurationName = Release;
		};
/* End XCConfigurationList section */
	};
	rootObject = 46C37EEC203F76A3008B6CBA /* Project object */;
}
